{"version":4,"terraform_version":"1.10.3","serial":15,"lineage":"44557703-7549-440a-3c7d-849fa693b6b6","outputs":{"ec2_public_ip":{"value":"54.157.27.106","type":"string"},"rds_endpoint":{"value":"terraform-20250728215504682800000003.c4j0ew28ezij.us-east-1.rds.amazonaws.com","type":"string"}},"resources":[{"mode":"managed","type":"aws_db_instance","name":"redmine","provider":"provider[\"registry.opentofu.org/hashicorp/aws\"]","instances":[{"schema_version":2,"attributes":{"address":"terraform-20250728215504682800000003.c4j0ew28ezij.us-east-1.rds.amazonaws.com","allocated_storage":20,"allow_major_version_upgrade":null,"apply_immediately":false,"arn":"arn:aws:rds:us-east-1:496318587878:db:terraform-20250728215504682800000003","auto_minor_version_upgrade":true,"availability_zone":"us-east-1a","backup_retention_period":0,"backup_target":"region","backup_window":"07:07-07:37","blue_green_update":[],"ca_cert_identifier":"rds-ca-rsa2048-g1","character_set_name":"","copy_tags_to_snapshot":false,"custom_iam_instance_profile":"","customer_owned_ip_enabled":false,"database_insights_mode":"standard","db_name":"redmine","db_subnet_group_name":"redmine-db-subnet-group","dedicated_log_volume":false,"delete_automated_backups":true,"deletion_protection":false,"domain":"","domain_auth_secret_arn":"","domain_dns_ips":null,"domain_fqdn":"","domain_iam_role_name":"","domain_ou":"","enabled_cloudwatch_logs_exports":null,"endpoint":"terraform-20250728215504682800000003.c4j0ew28ezij.us-east-1.rds.amazonaws.com:3306","engine":"mysql","engine_lifecycle_support":"open-source-rds-extended-support","engine_version":"8.0","engine_version_actual":"8.0.41","final_snapshot_identifier":null,"hosted_zone_id":"Z2R2ITUGPM61AM","iam_database_authentication_enabled":false,"id":"db-SEHKBA3U4J36DLBQDVCC46IF6M","identifier":"terraform-20250728215504682800000003","identifier_prefix":"terraform-","instance_class":"db.t3.micro","iops":0,"kms_key_id":"","latest_restorable_time":"","license_model":"general-public-license","listener_endpoint":[],"maintenance_window":"fri:06:24-fri:06:54","manage_master_user_password":null,"master_user_secret":[],"master_user_secret_kms_key_id":null,"max_allocated_storage":0,"monitoring_interval":0,"monitoring_role_arn":"","multi_az":false,"nchar_character_set_name":"","network_type":"IPV4","option_group_name":"default:mysql-8-0","parameter_group_name":"default.mysql8.0","password":"redmine123","password_wo":null,"password_wo_version":null,"performance_insights_enabled":false,"performance_insights_kms_key_id":"","performance_insights_retention_period":0,"port":3306,"publicly_accessible":false,"replica_mode":"","replicas":[],"replicate_source_db":"","resource_id":"db-SEHKBA3U4J36DLBQDVCC46IF6M","restore_to_point_in_time":[],"s3_import":[],"skip_final_snapshot":true,"snapshot_identifier":null,"status":"available","storage_encrypted":false,"storage_throughput":0,"storage_type":"gp2","tags":{"Name":"redmine-rds"},"tags_all":{"Name":"redmine-rds"},"timeouts":null,"timezone":"","upgrade_storage_config":null,"username":"redmine","vpc_security_group_ids":["sg-0d0de8c4fda4c525b"]},"sensitive_attributes":[[{"type":"get_attr","value":"password_wo"}],[{"type":"get_attr","value":"password"}]],"private":"eyJlMmJmYjczMC1lY2FhLTExZTYtOGY4OC0zNDM2M2JjN2M0YzAiOnsiY3JlYXRlIjozMDAwMDAwMDAwMDAwLCJkZWxldGUiOjM2MDAwMDAwMDAwMDAsInVwZGF0ZSI6NDgwMDAwMDAwMDAwMH0sInNjaGVtYV92ZXJzaW9uIjoiMiJ9","dependencies":["aws_db_subnet_group.redmine","aws_security_group.ec2_sg","aws_security_group.rds_sg","aws_subnet.public_a","aws_subnet.public_b","aws_vpc.redmine"]}]},{"mode":"managed","type":"aws_db_subnet_group","name":"redmine","provider":"provider[\"registry.opentofu.org/hashicorp/aws\"]","instances":[{"schema_version":0,"attributes":{"arn":"arn:aws:rds:us-east-1:496318587878:subgrp:redmine-db-subnet-group","description":"Managed by Terraform","id":"redmine-db-subnet-group","name":"redmine-db-subnet-group","name_prefix":"","subnet_ids":["subnet-006f4d28606200d37","subnet-0185245f213dcb950"],"supported_network_types":["IPV4"],"tags":{"Name":"redmine-db-subnet-group"},"tags_all":{"Name":"redmine-db-subnet-group"},"vpc_id":"vpc-0faac632c98a4a9fa"},"sensitive_attributes":[],"private":"bnVsbA==","dependencies":["aws_subnet.public_a","aws_subnet.public_b","aws_vpc.redmine"]}]},{"mode":"managed","type":"aws_instance","name":"redmine","provider":"provider[\"registry.opentofu.org/hashicorp/aws\"]","instances":[{"schema_version":1,"attributes":{"ami":"ami-0779caf41f9ba54f0","arn":"arn:aws:ec2:us-east-1:496318587878:instance/i-0154d1f8fcc33c0e7","associate_public_ip_address":true,"availability_zone":"us-east-1a","capacity_reservation_specification":[{"capacity_reservation_preference":"open","capacity_reservation_target":[]}],"cpu_core_count":1,"cpu_options":[{"amd_sev_snp":"","core_count":1,"threads_per_core":2}],"cpu_threads_per_core":2,"credit_specification":[{"cpu_credits":"unlimited"}],"disable_api_stop":false,"disable_api_termination":false,"ebs_block_device":[],"ebs_optimized":false,"enable_primary_ipv6":null,"enclave_options":[{"enabled":false}],"ephemeral_block_device":[],"get_password_data":false,"hibernation":false,"host_id":"","host_resource_group_arn":null,"iam_instance_profile":"","id":"i-0154d1f8fcc33c0e7","instance_initiated_shutdown_behavior":"stop","instance_lifecycle":"","instance_market_options":[],"instance_state":"running","instance_type":"t3.micro","ipv6_address_count":0,"ipv6_addresses":[],"key_name":"redmine-key","launch_template":[],"maintenance_options":[{"auto_recovery":"default"}],"metadata_options":[{"http_endpoint":"enabled","http_protocol_ipv6":"disabled","http_put_response_hop_limit":1,"http_tokens":"optional","instance_metadata_tags":"disabled"}],"monitoring":false,"network_interface":[],"outpost_arn":"","password_data":"","placement_group":"","placement_partition_number":0,"primary_network_interface_id":"eni-069f44e75475a449a","private_dns":"ip-10-0-1-207.ec2.internal","private_dns_name_options":[{"enable_resource_name_dns_a_record":false,"enable_resource_name_dns_aaaa_record":false,"hostname_type":"ip-name"}],"private_ip":"10.0.1.207","public_dns":"ec2-54-157-27-106.compute-1.amazonaws.com","public_ip":"54.157.27.106","root_block_device":[{"delete_on_termination":true,"device_name":"/dev/xvda","encrypted":false,"iops":3000,"kms_key_id":"","tags":{},"tags_all":{},"throughput":125,"volume_id":"vol-0e15d16eea9cbf78c","volume_size":8,"volume_type":"gp3"}],"secondary_private_ips":[],"security_groups":[],"source_dest_check":true,"spot_instance_request_id":"","subnet_id":"subnet-0185245f213dcb950","tags":{"Name":"redmine-ec2"},"tags_all":{"Name":"redmine-ec2"},"tenancy":"default","timeouts":null,"user_data":null,"user_data_base64":null,"user_data_replace_on_change":false,"volume_tags":null,"vpc_security_group_ids":["sg-045ca9719ec3eb53a"]},"sensitive_attributes":[],"private":"eyJlMmJmYjczMC1lY2FhLTExZTYtOGY4OC0zNDM2M2JjN2M0YzAiOnsiY3JlYXRlIjo2MDAwMDAwMDAwMDAsImRlbGV0ZSI6MTIwMDAwMDAwMDAwMCwicmVhZCI6OTAwMDAwMDAwMDAwLCJ1cGRhdGUiOjYwMDAwMDAwMDAwMH0sInNjaGVtYV92ZXJzaW9uIjoiMSJ9","dependencies":["aws_key_pair.default","aws_security_group.ec2_sg","aws_subnet.public_a","aws_vpc.redmine"]}]},{"mode":"managed","type":"aws_internet_gateway","name":"gw","provider":"provider[\"registry.opentofu.org/hashicorp/aws\"]","instances":[{"schema_version":0,"attributes":{"arn":"arn:aws:ec2:us-east-1:496318587878:internet-gateway/igw-06f0763b4eac129ff","id":"igw-06f0763b4eac129ff","owner_id":"496318587878","tags":{"Name":"redmine-igw"},"tags_all":{"Name":"redmine-igw"},"timeouts":null,"vpc_id":"vpc-0faac632c98a4a9fa"},"sensitive_attributes":[],"private":"eyJlMmJmYjczMC1lY2FhLTExZTYtOGY4OC0zNDM2M2JjN2M0YzAiOnsiY3JlYXRlIjoxMjAwMDAwMDAwMDAwLCJkZWxldGUiOjEyMDAwMDAwMDAwMDAsInVwZGF0ZSI6MTIwMDAwMDAwMDAwMH19","dependencies":["aws_vpc.redmine"]}]},{"mode":"managed","type":"aws_key_pair","name":"default","provider":"provider[\"registry.opentofu.org/hashicorp/aws\"]","instances":[{"schema_version":1,"attributes":{"arn":"arn:aws:ec2:us-east-1:496318587878:key-pair/redmine-key","fingerprint":"7aFqZ7aXlAGdjhvESS7wW2G+v7cdTTY6L0gjsA7/dSI=","id":"redmine-key","key_name":"redmine-key","key_name_prefix":"","key_pair_id":"key-014fa9b1101a4bb6d","key_type":"ed25519","public_key":"ssh-ed25519 AAAAC3NzaC1lZDI1NTE5AAAAINn9D8K27HaUyoIOkI5rvcXNDUtu1RRnEbym3MhQxy6e martinrodrig2001@gmail.com","tags":null,"tags_all":{}},"sensitive_attributes":[],"private":"eyJzY2hlbWFfdmVyc2lvbiI6IjEifQ=="}]},{"mode":"managed","type":"aws_route_table","name":"public","provider":"provider[\"registry.opentofu.org/hashicorp/aws\"]","instances":[{"schema_version":0,"attributes":{"arn":"arn:aws:ec2:us-east-1:496318587878:route-table/rtb-08469846d0f3319ea","id":"rtb-08469846d0f3319ea","owner_id":"496318587878","propagating_vgws":[],"route":[{"carrier_gateway_id":"","cidr_block":"0.0.0.0/0","core_network_arn":"","destination_prefix_list_id":"","egress_only_gateway_id":"","gateway_id":"igw-06f0763b4eac129ff","ipv6_cidr_block":"","local_gateway_id":"","nat_gateway_id":"","network_interface_id":"","transit_gateway_id":"","vpc_endpoint_id":"","vpc_peering_connection_id":""}],"tags":{"Name":"redmine-public-rt"},"tags_all":{"Name":"redmine-public-rt"},"timeouts":null,"vpc_id":"vpc-0faac632c98a4a9fa"},"sensitive_attributes":[],"private":"eyJlMmJmYjczMC1lY2FhLTExZTYtOGY4OC0zNDM2M2JjN2M0YzAiOnsiY3JlYXRlIjozMDAwMDAwMDAwMDAsImRlbGV0ZSI6MzAwMDAwMDAwMDAwLCJ1cGRhdGUiOjEyMDAwMDAwMDAwMH19","dependencies":["aws_internet_gateway.gw","aws_vpc.redmine"]}]},{"mode":"managed","type":"aws_route_table_association","name":"public_assoc_a","provider":"provider[\"registry.opentofu.org/hashicorp/aws\"]","instances":[{"schema_version":0,"attributes":{"gateway_id":"","id":"rtbassoc-0979df0430c45ca63","route_table_id":"rtb-08469846d0f3319ea","subnet_id":"subnet-0185245f213dcb950","timeouts":null},"sensitive_attributes":[],"private":"eyJlMmJmYjczMC1lY2FhLTExZTYtOGY4OC0zNDM2M2JjN2M0YzAiOnsiY3JlYXRlIjozMDAwMDAwMDAwMDAsImRlbGV0ZSI6MzAwMDAwMDAwMDAwLCJ1cGRhdGUiOjEyMDAwMDAwMDAwMH19","dependencies":["aws_internet_gateway.gw","aws_route_table.public","aws_subnet.public_a","aws_vpc.redmine"]}]},{"mode":"managed","type":"aws_route_table_association","name":"public_assoc_b","provider":"provider[\"registry.opentofu.org/hashicorp/aws\"]","instances":[{"schema_version":0,"attributes":{"gateway_id":"","id":"rtbassoc-049d1c51cb319ce07","route_table_id":"rtb-08469846d0f3319ea","subnet_id":"subnet-006f4d28606200d37","timeouts":null},"sensitive_attributes":[],"private":"eyJlMmJmYjczMC1lY2FhLTExZTYtOGY4OC0zNDM2M2JjN2M0YzAiOnsiY3JlYXRlIjozMDAwMDAwMDAwMDAsImRlbGV0ZSI6MzAwMDAwMDAwMDAwLCJ1cGRhdGUiOjEyMDAwMDAwMDAwMH19","dependencies":["aws_internet_gateway.gw","aws_route_table.public","aws_subnet.public_b","aws_vpc.redmine"]}]},{"mode":"managed","type":"aws_security_group","name":"ec2_sg","provider":"provider[\"registry.opentofu.org/hashicorp/aws\"]","instances":[{"schema_version":1,"attributes":{"arn":"arn:aws:ec2:us-east-1:496318587878:security-group/sg-045ca9719ec3eb53a","description":"Managed by Terraform","egress":[{"cidr_blocks":["0.0.0.0/0"],"description":"","from_port":0,"ipv6_cidr_blocks":[],"prefix_list_ids":[],"protocol":"-1","security_groups":[],"self":false,"to_port":0}],"id":"sg-045ca9719ec3eb53a","ingress":[{"cidr_blocks":["0.0.0.0/0"],"description":"HTTP","from_port":80,"ipv6_cidr_blocks":[],"prefix_list_ids":[],"protocol":"tcp","security_groups":[],"self":false,"to_port":80},{"cidr_blocks":["0.0.0.0/0"],"description":"SSH","from_port":22,"ipv6_cidr_blocks":[],"prefix_list_ids":[],"protocol":"tcp","security_groups":[],"self":false,"to_port":22}],"name":"redmine-ec2-sg","name_prefix":"","owner_id":"496318587878","revoke_rules_on_delete":false,"tags":null,"tags_all":{},"timeouts":null,"vpc_id":"vpc-0faac632c98a4a9fa"},"sensitive_attributes":[],"private":"eyJlMmJmYjczMC1lY2FhLTExZTYtOGY4OC0zNDM2M2JjN2M0YzAiOnsiY3JlYXRlIjo2MDAwMDAwMDAwMDAsImRlbGV0ZSI6OTAwMDAwMDAwMDAwfSwic2NoZW1hX3ZlcnNpb24iOiIxIn0=","dependencies":["aws_vpc.redmine"]}]},{"mode":"managed","type":"aws_security_group","name":"rds_sg","provider":"provider[\"registry.opentofu.org/hashicorp/aws\"]","instances":[{"schema_version":1,"attributes":{"arn":"arn:aws:ec2:us-east-1:496318587878:security-group/sg-0d0de8c4fda4c525b","description":"Managed by Terraform","egress":[{"cidr_blocks":["0.0.0.0/0"],"description":"","from_port":0,"ipv6_cidr_blocks":[],"prefix_list_ids":[],"protocol":"-1","security_groups":[],"self":false,"to_port":0}],"id":"sg-0d0de8c4fda4c525b","ingress":[{"cidr_blocks":[],"description":"MySQL from EC2","from_port":3306,"ipv6_cidr_blocks":[],"prefix_list_ids":[],"protocol":"tcp","security_groups":["sg-045ca9719ec3eb53a"],"self":false,"to_port":3306}],"name":"redmine-rds-sg","name_prefix":"","owner_id":"496318587878","revoke_rules_on_delete":false,"tags":null,"tags_all":{},"timeouts":null,"vpc_id":"vpc-0faac632c98a4a9fa"},"sensitive_attributes":[],"private":"eyJlMmJmYjczMC1lY2FhLTExZTYtOGY4OC0zNDM2M2JjN2M0YzAiOnsiY3JlYXRlIjo2MDAwMDAwMDAwMDAsImRlbGV0ZSI6OTAwMDAwMDAwMDAwfSwic2NoZW1hX3ZlcnNpb24iOiIxIn0=","dependencies":["aws_security_group.ec2_sg","aws_vpc.redmine"]}]},{"mode":"managed","type":"aws_subnet","name":"public_a","provider":"provider[\"registry.opentofu.org/hashicorp/aws\"]","instances":[{"schema_version":1,"attributes":{"arn":"arn:aws:ec2:us-east-1:496318587878:subnet/subnet-0185245f213dcb950","assign_ipv6_address_on_creation":false,"availability_zone":"us-east-1a","availability_zone_id":"use1-az6","cidr_block":"10.0.1.0/24","customer_owned_ipv4_pool":"","enable_dns64":false,"enable_lni_at_device_index":0,"enable_resource_name_dns_a_record_on_launch":false,"enable_resource_name_dns_aaaa_record_on_launch":false,"id":"subnet-0185245f213dcb950","ipv6_cidr_block":"","ipv6_cidr_block_association_id":"","ipv6_native":false,"map_customer_owned_ip_on_launch":false,"map_public_ip_on_launch":true,"outpost_arn":"","owner_id":"496318587878","private_dns_hostname_type_on_launch":"ip-name","tags":{"Name":"redmine-public-subnet-a"},"tags_all":{"Name":"redmine-public-subnet-a"},"timeouts":null,"vpc_id":"vpc-0faac632c98a4a9fa"},"sensitive_attributes":[],"private":"eyJlMmJmYjczMC1lY2FhLTExZTYtOGY4OC0zNDM2M2JjN2M0YzAiOnsiY3JlYXRlIjo2MDAwMDAwMDAwMDAsImRlbGV0ZSI6MTIwMDAwMDAwMDAwMH0sInNjaGVtYV92ZXJzaW9uIjoiMSJ9","dependencies":["aws_vpc.redmine"]}]},{"mode":"managed","type":"aws_subnet","name":"public_b","provider":"provider[\"registry.opentofu.org/hashicorp/aws\"]","instances":[{"schema_version":1,"attributes":{"arn":"arn:aws:ec2:us-east-1:496318587878:subnet/subnet-006f4d28606200d37","assign_ipv6_address_on_creation":false,"availability_zone":"us-east-1b","availability_zone_id":"use1-az1","cidr_block":"10.0.2.0/24","customer_owned_ipv4_pool":"","enable_dns64":false,"enable_lni_at_device_index":0,"enable_resource_name_dns_a_record_on_launch":false,"enable_resource_name_dns_aaaa_record_on_launch":false,"id":"subnet-006f4d28606200d37","ipv6_cidr_block":"","ipv6_cidr_block_association_id":"","ipv6_native":false,"map_customer_owned_ip_on_launch":false,"map_public_ip_on_launch":true,"outpost_arn":"","owner_id":"496318587878","private_dns_hostname_type_on_launch":"ip-name","tags":{"Name":"redmine-public-subnet-b"},"tags_all":{"Name":"redmine-public-subnet-b"},"timeouts":null,"vpc_id":"vpc-0faac632c98a4a9fa"},"sensitive_attributes":[],"private":"eyJlMmJmYjczMC1lY2FhLTExZTYtOGY4OC0zNDM2M2JjN2M0YzAiOnsiY3JlYXRlIjo2MDAwMDAwMDAwMDAsImRlbGV0ZSI6MTIwMDAwMDAwMDAwMH0sInNjaGVtYV92ZXJzaW9uIjoiMSJ9","dependencies":["aws_vpc.redmine"]}]},{"mode":"managed","type":"aws_vpc","name":"redmine","provider":"provider[\"registry.opentofu.org/hashicorp/aws\"]","instances":[{"schema_version":1,"attributes":{"arn":"arn:aws:ec2:us-east-1:496318587878:vpc/vpc-0faac632c98a4a9fa","assign_generated_ipv6_cidr_block":false,"cidr_block":"10.0.0.0/16","default_network_acl_id":"acl-05d8840c285451b64","default_route_table_id":"rtb-0671e87e78f3f293b","default_security_group_id":"sg-0a8bf2de575a40810","dhcp_options_id":"dopt-02daea6bac316315a","enable_dns_hostnames":true,"enable_dns_support":true,"enable_network_address_usage_metrics":false,"id":"vpc-0faac632c98a4a9fa","instance_tenancy":"default","ipv4_ipam_pool_id":null,"ipv4_netmask_length":null,"ipv6_association_id":"","ipv6_cidr_block":"","ipv6_cidr_block_network_border_group":"","ipv6_ipam_pool_id":"","ipv6_netmask_length":0,"main_route_table_id":"rtb-0671e87e78f3f293b","owner_id":"496318587878","tags":{"Name":"redmine-vpc"},"tags_all":{"Name":"redmine-vpc"}},"sensitive_attributes":[],"private":"eyJzY2hlbWFfdmVyc2lvbiI6IjEifQ=="}]}],"check_results":null}
